<?xml version="1.0" encoding="UTF-8" standalone="yes" ?>
<CodeBlocks_project_file>
	<FileVersion major="1" minor="6" />
	<Project>
		<Option title="giraffedb" />
		<Option pch_mode="2" />
		<Option compiler="gcc" />
		<Build>
			<Target title="Debug">
				<Option output="bin/Debug/giraffedb" prefix_auto="1" extension_auto="1" />
				<Option object_output="obj/Debug/" />
				<Option type="1" />
				<Option compiler="gcc" />
				<Compiler>
					<Add option="-g" />
				</Compiler>
			</Target>
			<Target title="Release">
				<Option output="bin/Release/giraffedb" prefix_auto="1" extension_auto="1" />
				<Option object_output="obj/Release/" />
				<Option type="1" />
				<Option compiler="gcc" />
				<Compiler>
					<Add option="-O2" />
				</Compiler>
				<Linker>
					<Add option="-s" />
				</Linker>
			</Target>
		</Build>
		<Compiler>
			<Add option="-Wall" />
		</Compiler>
		<Unit filename="README.md" />
		<Unit filename="configs/.user" />
		<Unit filename="core/container.c">
			<Option compilerVar="CC" />
		</Unit>
		<Unit filename="core/container.h" />
		<Unit filename="core/server.c">
			<Option compilerVar="CC" />
		</Unit>
		<Unit filename="core/server.h" />
		<Unit filename="dast/map.c">
			<Option compilerVar="CC" />
		</Unit>
		<Unit filename="dast/map.h" />
		<Unit filename="dast/strlist.c">
			<Option compilerVar="CC" />
		</Unit>
		<Unit filename="dast/strlist.h" />
		<Unit filename="main.c">
			<Option compilerVar="CC" />
		</Unit>
		<Unit filename="security/user.c">
			<Option compilerVar="CC" />
		</Unit>
		<Unit filename="security/user.h" />
		<Unit filename="utils/cfgutils.c">
			<Option compilerVar="CC" />
		</Unit>
		<Unit filename="utils/cfgutils.h" />
		<Unit filename="utils/netutils.c">
			<Option compilerVar="CC" />
		</Unit>
		<Unit filename="utils/netutils.h" />
		<Unit filename="utils/strutils.c">
			<Option compilerVar="CC" />
		</Unit>
		<Unit filename="utils/strutils.h" />
		<Unit filename="utils/symbols.h" />
		<Extensions />
	</Project>
</CodeBlocks_project_file>
